
Microsoft Visual Studio Solution File, Format Version 12.00
# Visual Studio Version 17
VisualStudioVersion = 17.5.002.0
MinimumVisualStudioVersion = 10.0.40219.1
Project("{9A19103F-16F7-4668-BE54-9A1E7A4F7556}") = "demo-api", "demo-api.csproj", "{FC4A982D-1C7E-45BF-B5C7-3DA876897536}"
EndProject
Global
	GlobalSection(SolutionConfigurationPlatforms) = preSolution
		Debug|Any CPU = Debug|Any CPU
		Release|Any CPU = Release|Any CPU
	EndGlobalSection
	GlobalSection(ProjectConfigurationPlatforms) = postSolution
		{FC4A982D-1C7E-45BF-B5C7-3DA876897536}.Debug|Any CPU.ActiveCfg = Debug|Any CPU
		{FC4A982D-1C7E-45BF-B5C7-3DA876897536}.Debug|Any CPU.Build.0 = Debug|Any CPU
		{FC4A982D-1C7E-45BF-B5C7-3DA876897536}.Release|Any CPU.ActiveCfg = Release|Any CPU
		{FC4A982D-1C7E-45BF-B5C7-3DA876897536}.Release|Any CPU.Build.0 = Release|Any CPU
	EndGlobalSection
	GlobalSection(SolutionProperties) = preSolution
		HideSolutionNode = FALSE
	EndGlobalSection
	GlobalSection(ExtensibilityGlobals) = postSolution
		SolutionGuid = {880BD922-C1A4-4F5D-9728-3E47B3EA718F}
	EndGlobalSection
EndGlobal
